// !$*UTF8*$!
{
	archiveVersion = 1;
	classes = {
	};
	objectVersion = 56;
	objects = {

/* Begin PBXBuildFile section */
		5E0B25242B1A2F8C00BD7806 /* AppDelegate.swift in Sources */ = {isa = PBXBuildFile; fileRef = 5E0B25232B1A2F8C00BD7806 /* AppDelegate.swift */; };
		5E0B25262B1A2F8C00BD7806 /* SceneDelegate.swift in Sources */ = {isa = PBXBuildFile; fileRef = 5E0B25252B1A2F8C00BD7806 /* SceneDelegate.swift */; };
		5E0B25282B1A2F8C00BD7806 /* ViewController.swift in Sources */ = {isa = PBXBuildFile; fileRef = 5E0B25272B1A2F8C00BD7806 /* ViewController.swift */; };
		5E0B252B2B1A2F8C00BD7806 /* Main.storyboard in Resources */ = {isa = PBXBuildFile; fileRef = 5E0B25292B1A2F8C00BD7806 /* Main.storyboard */; };
		5E0B252D2B1A2F8F00BD7806 /* Assets.xcassets in Resources */ = {isa = PBXBuildFile; fileRef = 5E0B252C2B1A2F8F00BD7806 /* Assets.xcassets */; };
		5E0B25302B1A2F8F00BD7806 /* LaunchScreen.storyboard in Resources */ = {isa = PBXBuildFile; fileRef = 5E0B252E2B1A2F8F00BD7806 /* LaunchScreen.storyboard */; };
		5E0B253B2B1A2F8F00BD7806 /* MoviesListTests.swift in Sources */ = {isa = PBXBuildFile; fileRef = 5E0B253A2B1A2F8F00BD7806 /* MoviesListTests.swift */; };
		5E0B25452B1A2F8F00BD7806 /* MoviesListUITests.swift in Sources */ = {isa = PBXBuildFile; fileRef = 5E0B25442B1A2F8F00BD7806 /* MoviesListUITests.swift */; };
		5E0B25472B1A2F8F00BD7806 /* MoviesListUITestsLaunchTests.swift in Sources */ = {isa = PBXBuildFile; fileRef = 5E0B25462B1A2F8F00BD7806 /* MoviesListUITestsLaunchTests.swift */; };
/* End PBXBuildFile section */

/* Begin PBXContainerItemProxy section */
		5E0B25372B1A2F8F00BD7806 /* PBXContainerItemProxy */ = {
			isa = PBXContainerItemProxy;
			containerPortal = 5E0B25182B1A2F8C00BD7806 /* Project object */;
			proxyType = 1;
			remoteGlobalIDString = 5E0B251F2B1A2F8C00BD7806;
			remoteInfo = MoviesList;
		};
		5E0B25412B1A2F8F00BD7806 /* PBXContainerItemProxy */ = {
			isa = PBXContainerItemProxy;
			containerPortal = 5E0B25182B1A2F8C00BD7806 /* Project object */;
			proxyType = 1;
			remoteGlobalIDString = 5E0B251F2B1A2F8C00BD7806;
			remoteInfo = MoviesList;
		};
/* End PBXContainerItemProxy section */

/* Begin PBXFileReference section */
		5E0B25202B1A2F8C00BD7806 /* MoviesList.app */ = {isa = PBXFileReference; explicitFileType = wrapper.application; includeInIndex = 0; path = MoviesList.app; sourceTree = BUILT_PRODUCTS_DIR; };
		5E0B25232B1A2F8C00BD7806 /* AppDelegate.swift */ = {isa = PBXFileReference; lastKnownFileType = sourcecode.swift; path = AppDelegate.swift; sourceTree = "<group>"; };
		5E0B25252B1A2F8C00BD7806 /* SceneDelegate.swift */ = {isa = PBXFileReference; lastKnownFileType = sourcecode.swift; path = SceneDelegate.swift; sourceTree = "<group>"; };
		5E0B25272B1A2F8C00BD7806 /* ViewController.swift */ = {isa = PBXFileReference; lastKnownFileType = sourcecode.swift; path = ViewController.swift; sourceTree = "<group>"; };
		5E0B252A2B1A2F8C00BD7806 /* Base */ = {isa = PBXFileReference; lastKnownFileType = file.storyboard; name = Base; path = Base.lproj/Main.storyboard; sourceTree = "<group>"; };
		5E0B252C2B1A2F8F00BD7806 /* Assets.xcassets */ = {isa = PBXFileReference; lastKnownFileType = folder.assetcatalog; path = Assets.xcassets; sourceTree = "<group>"; };
		5E0B252F2B1A2F8F00BD7806 /* Base */ = {isa = PBXFileReference; lastKnownFileType = file.storyboard; name = Base; path = Base.lproj/LaunchScreen.storyboard; sourceTree = "<group>"; };
		5E0B25312B1A2F8F00BD7806 /* Info.plist */ = {isa = PBXFileReference; lastKnownFileType = text.plist.xml; path = Info.plist; sourceTree = "<group>"; };
		5E0B25362B1A2F8F00BD7806 /* MoviesListTests.xctest */ = {isa = PBXFileReference; explicitFileType = wrapper.cfbundle; includeInIndex = 0; path = MoviesListTests.xctest; sourceTree = BUILT_PRODUCTS_DIR; };
		5E0B253A2B1A2F8F00BD7806 /* MoviesListTests.swift */ = {isa = PBXFileReference; lastKnownFileType = sourcecode.swift; path = MoviesListTests.swift; sourceTree = "<group>"; };
		5E0B25402B1A2F8F00BD7806 /* MoviesListUITests.xctest */ = {isa = PBXFileReference; explicitFileType = wrapper.cfbundle; includeInIndex = 0; path = MoviesListUITests.xctest; sourceTree = BUILT_PRODUCTS_DIR; };
		5E0B25442B1A2F8F00BD7806 /* MoviesListUITests.swift */ = {isa = PBXFileReference; lastKnownFileType = sourcecode.swift; path = MoviesListUITests.swift; sourceTree = "<group>"; };
		5E0B25462B1A2F8F00BD7806 /* MoviesListUITestsLaunchTests.swift */ = {isa = PBXFileReference; lastKnownFileType = sourcecode.swift; path = MoviesListUITestsLaunchTests.swift; sourceTree = "<group>"; };
/* End PBXFileReference section */

/* Begin PBXFrameworksBuildPhase section */
		5E0B251D2B1A2F8C00BD7806 /* Frameworks */ = {
			isa = PBXFrameworksBuildPhase;
			buildActionMask = 2147483647;
			files = (
			);
			runOnlyForDeploymentPostprocessing = 0;
		};
		5E0B25332B1A2F8F00BD7806 /* Frameworks */ = {
			isa = PBXFrameworksBuildPhase;
			buildActionMask = 2147483647;
			files = (
			);
			runOnlyForDeploymentPostprocessing = 0;
		};
		5E0B253D2B1A2F8F00BD7806 /* Frameworks */ = {
			isa = PBXFrameworksBuildPhase;
			buildActionMask = 2147483647;
			files = (
			);
			runOnlyForDeploymentPostprocessing = 0;
		};
/* End PBXFrameworksBuildPhase section */

/* Begin PBXGroup section */
		5E0B25172B1A2F8C00BD7806 = {
			isa = PBXGroup;
			children = (
				5E0B25222B1A2F8C00BD7806 /* MoviesList */,
				5E0B25392B1A2F8F00BD7806 /* MoviesListTests */,
				5E0B25432B1A2F8F00BD7806 /* MoviesListUITests */,
				5E0B25212B1A2F8C00BD7806 /* Products */,
			);
			sourceTree = "<group>";
		};
		5E0B25212B1A2F8C00BD7806 /* Products */ = {
			isa = PBXGroup;
			children = (
				5E0B25202B1A2F8C00BD7806 /* MoviesList.app */,
				5E0B25362B1A2F8F00BD7806 /* MoviesListTests.xctest */,
				5E0B25402B1A2F8F00BD7806 /* MoviesListUITests.xctest */,
			);
			name = Products;
			sourceTree = "<group>";
		};
		5E0B25222B1A2F8C00BD7806 /* MoviesList */ = {
			isa = PBXGroup;
			children = (
				5E0B25232B1A2F8C00BD7806 /* AppDelegate.swift */,
				5E0B25252B1A2F8C00BD7806 /* SceneDelegate.swift */,
				5E0B25272B1A2F8C00BD7806 /* ViewController.swift */,
				5E0B25292B1A2F8C00BD7806 /* Main.storyboard */,
				5E0B252C2B1A2F8F00BD7806 /* Assets.xcassets */,
				5E0B252E2B1A2F8F00BD7806 /* LaunchScreen.storyboard */,
				5E0B25312B1A2F8F00BD7806 /* Info.plist */,
			);
			path = MoviesList;
			sourceTree = "<group>";
		};
		5E0B25392B1A2F8F00BD7806 /* MoviesListTests */ = {
			isa = PBXGroup;
			children = (
				5E0B253A2B1A2F8F00BD7806 /* MoviesListTests.swift */,
			);
			path = MoviesListTests;
			sourceTree = "<group>";
		};
		5E0B25432B1A2F8F00BD7806 /* MoviesListUITests */ = {
			isa = PBXGroup;
			children = (
				5E0B25442B1A2F8F00BD7806 /* MoviesListUITests.swift */,
				5E0B25462B1A2F8F00BD7806 /* MoviesListUITestsLaunchTests.swift */,
			);
			path = MoviesListUITests;
			sourceTree = "<group>";
		};
/* End PBXGroup section */

/* Begin PBXNativeTarget section */
		5E0B251F2B1A2F8C00BD7806 /* MoviesList */ = {
			isa = PBXNativeTarget;
			buildConfigurationList = 5E0B254A2B1A2F8F00BD7806 /* Build configuration list for PBXNativeTarget "MoviesList" */;
			buildPhases = (
				5E0B251C2B1A2F8C00BD7806 /* Sources */,
				5E0B251D2B1A2F8C00BD7806 /* Frameworks */,
				5E0B251E2B1A2F8C00BD7806 /* Resources */,
			);
			buildRules = (
			);
			dependencies = (
			);
			name = MoviesList;
			productName = MoviesList;
			productReference = 5E0B25202B1A2F8C00BD7806 /* MoviesList.app */;
			productType = "com.apple.product-type.application";
		};
		5E0B25352B1A2F8F00BD7806 /* MoviesListTests */ = {
			isa = PBXNativeTarget;
			buildConfigurationList = 5E0B254D2B1A2F8F00BD7806 /* Build configuration list for PBXNativeTarget "MoviesListTests" */;
			buildPhases = (
				5E0B25322B1A2F8F00BD7806 /* Sources */,
				5E0B25332B1A2F8F00BD7806 /* Frameworks */,
				5E0B25342B1A2F8F00BD7806 /* Resources */,
			);
			buildRules = (
			);
			dependencies = (
				5E0B25382B1A2F8F00BD7806 /* PBXTargetDependency */,
			);
			name = MoviesListTests;
			productName = MoviesListTests;
			productReference = 5E0B25362B1A2F8F00BD7806 /* MoviesListTests.xctest */;
			productType = "com.apple.product-type.bundle.unit-test";
		};
		5E0B253F2B1A2F8F00BD7806 /* MoviesListUITests */ = {
			isa = PBXNativeTarget;
			buildConfigurationList = 5E0B25502B1A2F8F00BD7806 /* Build configuration list for PBXNativeTarget "MoviesListUITests" */;
			buildPhases = (
				5E0B253C2B1A2F8F00BD7806 /* Sources */,
				5E0B253D2B1A2F8F00BD7806 /* Frameworks */,
				5E0B253E2B1A2F8F00BD7806 /* Resources */,
			);
			buildRules = (
			);
			dependencies = (
				5E0B25422B1A2F8F00BD7806 /* PBXTargetDependency */,
			);
			name = MoviesListUITests;
			productName = MoviesListUITests;
			productReference = 5E0B25402B1A2F8F00BD7806 /* MoviesListUITests.xctest */;
			productType = "com.apple.product-type.bundle.ui-testing";
		};
/* End PBXNativeTarget section */

/* Begin PBXProject section */
		5E0B25182B1A2F8C00BD7806 /* Project object */ = {
			isa = PBXProject;
			attributes = {
				BuildIndependentTargetsInParallel = 1;
				LastSwiftUpdateCheck = 1420;
				LastUpgradeCheck = 1420;
				TargetAttributes = {
					5E0B251F2B1A2F8C00BD7806 = {
						CreatedOnToolsVersion = 14.2;
					};
					5E0B25352B1A2F8F00BD7806 = {
						CreatedOnToolsVersion = 14.2;
						TestTargetID = 5E0B251F2B1A2F8C00BD7806;
					};
					5E0B253F2B1A2F8F00BD7806 = {
						CreatedOnToolsVersion = 14.2;
						TestTargetID = 5E0B251F2B1A2F8C00BD7806;
					};
				};
			};
			buildConfigurationList = 5E0B251B2B1A2F8C00BD7806 /* Build configuration list for PBXProject "MoviesList" */;
			compatibilityVersion = "Xcode 14.0";
			developmentRegion = en;
			hasScannedForEncodings = 0;
			knownRegions = (
				en,
				Base,
			);
			mainGroup = 5E0B25172B1A2F8C00BD7806;
			productRefGroup = 5E0B25212B1A2F8C00BD7806 /* Products */;
			projectDirPath = "";
			projectRoot = "";
			targets = (
				5E0B251F2B1A2F8C00BD7806 /* MoviesList */,
				5E0B25352B1A2F8F00BD7806 /* MoviesListTests */,
				5E0B253F2B1A2F8F00BD7806 /* MoviesListUITests */,
			);
		};
/* End PBXProject section */

/* Begin PBXResourcesBuildPhase section */
		5E0B251E2B1A2F8C00BD7806 /* Resources */ = {
			isa = PBXResourcesBuildPhase;
			buildActionMask = 2147483647;
			files = (
				5E0B25302B1A2F8F00BD7806 /* LaunchScreen.storyboard in Resources */,
				5E0B252D2B1A2F8F00BD7806 /* Assets.xcassets in Resources */,
				5E0B252B2B1A2F8C00BD7806 /* Main.storyboard in Resources */,
			);
			runOnlyForDeploymentPostprocessing = 0;
		};
		5E0B25342B1A2F8F00BD7806 /* Resources */ = {
			isa = PBXResourcesBuildPhase;
			buildActionMask = 2147483647;
			files = (
			);
			runOnlyForDeploymentPostprocessing = 0;
		};
		5E0B253E2B1A2F8F00BD7806 /* Resources */ = {
			isa = PBXResourcesBuildPhase;
			buildActionMask = 2147483647;
			files = (
			);
			runOnlyForDeploymentPostprocessing = 0;
		};
/* End PBXResourcesBuildPhase section */

/* Begin PBXSourcesBuildPhase section */
		5E0B251C2B1A2F8C00BD7806 /* Sources */ = {
			isa = PBXSourcesBuildPhase;
			buildActionMask = 2147483647;
			files = (
				5E0B25282B1A2F8C00BD7806 /* ViewController.swift in Sources */,
				5E0B25242B1A2F8C00BD7806 /* AppDelegate.swift in Sources */,
				5E0B25262B1A2F8C00BD7806 /* SceneDelegate.swift in Sources */,
			);
			runOnlyForDeploymentPostprocessing = 0;
		};
		5E0B25322B1A2F8F00BD7806 /* Sources */ = {
			isa = PBXSourcesBuildPhase;
			buildActionMask = 2147483647;
			files = (
				5E0B253B2B1A2F8F00BD7806 /* MoviesListTests.swift in Sources */,
			);
			runOnlyForDeploymentPostprocessing = 0;
		};
		5E0B253C2B1A2F8F00BD7806 /* Sources */ = {
			isa = PBXSourcesBuildPhase;
			buildActionMask = 2147483647;
			files = (
				5E0B25452B1A2F8F00BD7806 /* MoviesListUITests.swift in Sources */,
				5E0B25472B1A2F8F00BD7806 /* MoviesListUITestsLaunchTests.swift in Sources */,
			);
			runOnlyForDeploymentPostprocessing = 0;
		};
/* End PBXSourcesBuildPhase section */

/* Begin PBXTargetDependency section */
		5E0B25382B1A2F8F00BD7806 /* PBXTargetDependency */ = {
			isa = PBXTargetDependency;
			target = 5E0B251F2B1A2F8C00BD7806 /* MoviesList */;
			targetProxy = 5E0B25372B1A2F8F00BD7806 /* PBXContainerItemProxy */;
		};
		5E0B25422B1A2F8F00BD7806 /* PBXTargetDependency */ = {
			isa = PBXTargetDependency;
			target = 5E0B251F2B1A2F8C00BD7806 /* MoviesList */;
			targetProxy = 5E0B25412B1A2F8F00BD7806 /* PBXContainerItemProxy */;
		};
/* End PBXTargetDependency section */

/* Begin PBXVariantGroup section */
		5E0B25292B1A2F8C00BD7806 /* Main.storyboard */ = {
			isa = PBXVariantGroup;
			children = (
				5E0B252A2B1A2F8C00BD7806 /* Base */,
			);
			name = Main.storyboard;
			sourceTree = "<group>";
		};
		5E0B252E2B1A2F8F00BD7806 /* LaunchScreen.storyboard */ = {
			isa = PBXVariantGroup;
			children = (
				5E0B252F2B1A2F8F00BD7806 /* Base */,
			);
			name = LaunchScreen.storyboard;
			sourceTree = "<group>";
		};
/* End PBXVariantGroup section */

/* Begin XCBuildConfiguration section */
		5E0B25482B1A2F8F00BD7806 /* Debug */ = {
			isa = XCBuildConfiguration;
			buildSettings = {
				ALWAYS_SEARCH_USER_PATHS = NO;
				CLANG_ANALYZER_NONNULL = YES;
				CLANG_ANALYZER_NUMBER_OBJECT_CONVERSION = YES_AGGRESSIVE;
				CLANG_CXX_LANGUAGE_STANDARD = "gnu++20";
				CLANG_ENABLE_MODULES = YES;
				CLANG_ENABLE_OBJC_ARC = YES;
				CLANG_ENABLE_OBJC_WEAK = YES;
				CLANG_WARN_BLOCK_CAPTURE_AUTORELEASING = YES;
				CLANG_WARN_BOOL_CONVERSION = YES;
				CLANG_WARN_COMMA = YES;
				CLANG_WARN_CONSTANT_CONVERSION = YES;
				CLANG_WARN_DEPRECATED_OBJC_IMPLEMENTATIONS = YES;
				CLANG_WARN_DIRECT_OBJC_ISA_USAGE = YES_ERROR;
				CLANG_WARN_DOCUMENTATION_COMMENTS = YES;
				CLANG_WARN_EMPTY_BODY = YES;
				CLANG_WARN_ENUM_CONVERSION = YES;
				CLANG_WARN_INFINITE_RECURSION = YES;
				CLANG_WARN_INT_CONVERSION = YES;
				CLANG_WARN_NON_LITERAL_NULL_CONVERSION = YES;
				CLANG_WARN_OBJC_IMPLICIT_RETAIN_SELF = YES;
				CLANG_WARN_OBJC_LITERAL_CONVERSION = YES;
				CLANG_WARN_OBJC_ROOT_CLASS = YES_ERROR;
				CLANG_WARN_QUOTED_INCLUDE_IN_FRAMEWORK_HEADER = YES;
				CLANG_WARN_RANGE_LOOP_ANALYSIS = YES;
				CLANG_WARN_STRICT_PROTOTYPES = YES;
				CLANG_WARN_SUSPICIOUS_MOVE = YES;
				CLANG_WARN_UNGUARDED_AVAILABILITY = YES_AGGRESSIVE;
				CLANG_WARN_UNREACHABLE_CODE = YES;
				CLANG_WARN__DUPLICATE_METHOD_MATCH = YES;
				COPY_PHASE_STRIP = NO;
				DEBUG_INFORMATION_FORMAT = dwarf;
				ENABLE_STRICT_OBJC_MSGSEND = YES;
				ENABLE_TESTABILITY = YES;
				GCC_C_LANGUAGE_STANDARD = gnu11;
				GCC_DYNAMIC_NO_PIC = NO;
				GCC_NO_COMMON_BLOCKS = YES;
				GCC_OPTIMIZATION_LEVEL = 0;
				GCC_PREPROCESSOR_DEFINITIONS = (
					"DEBUG=1",
					"$(inherited)",
				);
				GCC_WARN_64_TO_32_BIT_CONVERSION = YES;
				GCC_WARN_ABOUT_RETURN_TYPE = YES_ERROR;
				GCC_WARN_UNDECLARED_SELECTOR = YES;
				GCC_WARN_UNINITIALIZED_AUTOS = YES_AGGRESSIVE;
				GCC_WARN_UNUSED_FUNCTION = YES;
				GCC_WARN_UNUSED_VARIABLE = YES;
				IPHONEOS_DEPLOYMENT_TARGET = 16.2;
				MTL_ENABLE_DEBUG_INFO = INCLUDE_SOURCE;
				MTL_FAST_MATH = YES;
				ONLY_ACTIVE_ARCH = YES;
				SDKROOT = iphoneos;
				SWIFT_ACTIVE_COMPILATION_CONDITIONS = DEBUG;
				SWIFT_OPTIMIZATION_LEVEL = "-Onone";
			};
			name = Debug;
		};
		5E0B25492B1A2F8F00BD7806 /* Release */ = {
			isa = XCBuildConfiguration;
			buildSettings = {
				ALWAYS_SEARCH_USER_PATHS = NO;
				CLANG_ANALYZER_NONNULL = YES;
				CLANG_ANALYZER_NUMBER_OBJECT_CONVERSION = YES_AGGRESSIVE;
				CLANG_CXX_LANGUAGE_STANDARD = "gnu++20";
				CLANG_ENABLE_MODULES = YES;
				CLANG_ENABLE_OBJC_ARC = YES;
				CLANG_ENABLE_OBJC_WEAK = YES;
				CLANG_WARN_BLOCK_CAPTURE_AUTORELEASING = YES;
				CLANG_WARN_BOOL_CONVERSION = YES;
				CLANG_WARN_COMMA = YES;
				CLANG_WARN_CONSTANT_CONVERSION = YES;
				CLANG_WARN_DEPRECATED_OBJC_IMPLEMENTATIONS = YES;
				CLANG_WARN_DIRECT_OBJC_ISA_USAGE = YES_ERROR;
				CLANG_WARN_DOCUMENTATION_COMMENTS = YES;
				CLANG_WARN_EMPTY_BODY = YES;
				CLANG_WARN_ENUM_CONVERSION = YES;
				CLANG_WARN_INFINITE_RECURSION = YES;
				CLANG_WARN_INT_CONVERSION = YES;
				CLANG_WARN_NON_LITERAL_NULL_CONVERSION = YES;
				CLANG_WARN_OBJC_IMPLICIT_RETAIN_SELF = YES;
				CLANG_WARN_OBJC_LITERAL_CONVERSION = YES;
				CLANG_WARN_OBJC_ROOT_CLASS = YES_ERROR;
				CLANG_WARN_QUOTED_INCLUDE_IN_FRAMEWORK_HEADER = YES;
				CLANG_WARN_RANGE_LOOP_ANALYSIS = YES;
				CLANG_WARN_STRICT_PROTOTYPES = YES;
				CLANG_WARN_SUSPICIOUS_MOVE = YES;
				CLANG_WARN_UNGUARDED_AVAILABILITY = YES_AGGRESSIVE;
				CLANG_WARN_UNREACHABLE_CODE = YES;
				CLANG_WARN__DUPLICATE_METHOD_MATCH = YES;
				COPY_PHASE_STRIP = NO;
				DEBUG_INFORMATION_FORMAT = "dwarf-with-dsym";
				ENABLE_NS_ASSERTIONS = NO;
				ENABLE_STRICT_OBJC_MSGSEND = YES;
				GCC_C_LANGUAGE_STANDARD = gnu11;
				GCC_NO_COMMON_BLOCKS = YES;
				GCC_WARN_64_TO_32_BIT_CONVERSION = YES;
				GCC_WARN_ABOUT_RETURN_TYPE = YES_ERROR;
				GCC_WARN_UNDECLARED_SELECTOR = YES;
				GCC_WARN_UNINITIALIZED_AUTOS = YES_AGGRESSIVE;
				GCC_WARN_UNUSED_FUNCTION = YES;
				GCC_WARN_UNUSED_VARIABLE = YES;
				IPHONEOS_DEPLOYMENT_TARGET = 16.2;
				MTL_ENABLE_DEBUG_INFO = NO;
				MTL_FAST_MATH = YES;
				SDKROOT = iphoneos;
				SWIFT_COMPILATION_MODE = wholemodule;
				SWIFT_OPTIMIZATION_LEVEL = "-O";
				VALIDATE_PRODUCT = YES;
			};
			name = Release;
		};
		5E0B254B2B1A2F8F00BD7806 /* Debug */ = {
			isa = XCBuildConfiguration;
			buildSettings = {
				ASSETCATALOG_COMPILER_APPICON_NAME = AppIcon;
				ASSETCATALOG_COMPILER_GLOBAL_ACCENT_COLOR_NAME = AccentColor;
				CODE_SIGN_STYLE = Automatic;
				CURRENT_PROJECT_VERSION = 1;
				DEVELOPMENT_TEAM = 2WFPXMG3LN;
				GENERATE_INFOPLIST_FILE = YES;
				INFOPLIST_FILE = MoviesList/Info.plist;
				INFOPLIST_KEY_UIApplicationSupportsIndirectInputEvents = YES;
				INFOPLIST_KEY_UILaunchStoryboardName = LaunchScreen;
				INFOPLIST_KEY_UIMainStoryboardFile = Main;
				INFOPLIST_KEY_UISupportedInterfaceOrientations_iPad = "UIInterfaceOrientationPortrait UIInterfaceOrientationPortraitUpsideDown UIInterfaceOrientationLandscapeLeft UIInterfaceOrientationLandscapeRight";
				INFOPLIST_KEY_UISupportedInterfaceOrientations_iPhone = "UIInterfaceOrientationPortrait UIInterfaceOrientationLandscapeLeft UIInterfaceOrientationLandscapeRight";
				LD_RUNPATH_SEARCH_PATHS = (
					"$(inherited)",
					"@executable_path/Frameworks",
				);
				MARKETING_VERSION = 1.0;
				PRODUCT_BUNDLE_IDENTIFIER = com.KseniaDidusenko.MoviesList;
				PRODUCT_NAME = "$(TARGET_NAME)";
				SWIFT_EMIT_LOC_STRINGS = YES;
				SWIFT_VERSION = 5.0;
				TARGETED_DEVICE_FAMILY = "1,2";
			};
			name = Debug;
		};
		5E0B254C2B1A2F8F00BD7806 /* Release */ = {
			isa = XCBuildConfiguration;
			buildSettings = {
				ASSETCATALOG_COMPILER_APPICON_NAME = AppIcon;
				ASSETCATALOG_COMPILER_GLOBAL_ACCENT_COLOR_NAME = AccentColor;
				CODE_SIGN_STYLE = Automatic;
				CURRENT_PROJECT_VERSION = 1;
				DEVELOPMENT_TEAM = 2WFPXMG3LN;
				GENERATE_INFOPLIST_FILE = YES;
				INFOPLIST_FILE = MoviesList/Info.plist;
				INFOPLIST_KEY_UIApplicationSupportsIndirectInputEvents = YES;
				INFOPLIST_KEY_UILaunchStoryboardName = LaunchScreen;
				INFOPLIST_KEY_UIMainStoryboardFile = Main;
				INFOPLIST_KEY_UISupportedInterfaceOrientations_iPad = "UIInterfaceOrientationPortrait UIInterfaceOrientationPortraitUpsideDown UIInterfaceOrientationLandscapeLeft UIInterfaceOrientationLandscapeRight";
				INFOPLIST_KEY_UISupportedInterfaceOrientations_iPhone = "UIInterfaceOrientationPortrait UIInterfaceOrientationLandscapeLeft UIInterfaceOrientationLandscapeRight";
				LD_RUNPATH_SEARCH_PATHS = (
					"$(inherited)",
					"@executable_path/Frameworks",
				);
				MARKETING_VERSION = 1.0;
				PRODUCT_BUNDLE_IDENTIFIER = com.KseniaDidusenko.MoviesList;
				PRODUCT_NAME = "$(TARGET_NAME)";
				SWIFT_EMIT_LOC_STRINGS = YES;
				SWIFT_VERSION = 5.0;
				TARGETED_DEVICE_FAMILY = "1,2";
			};
			name = Release;
		};
		5E0B254E2B1A2F8F00BD7806 /* Debug */ = {
			isa = XCBuildConfiguration;
			buildSettings = {
				ALWAYS_EMBED_SWIFT_STANDARD_LIBRARIES = YES;
				BUNDLE_LOADER = "$(TEST_HOST)";
				CODE_SIGN_STYLE = Automatic;
				CURRENT_PROJECT_VERSION = 1;
				DEVELOPMENT_TEAM = 2WFPXMG3LN;
				GENERATE_INFOPLIST_FILE = YES;
				IPHONEOS_DEPLOYMENT_TARGET = 16.2;
				MARKETING_VERSION = 1.0;
				PRODUCT_BUNDLE_IDENTIFIER = com.KseniaDidusenko.MoviesListTests;
				PRODUCT_NAME = "$(TARGET_NAME)";
				SWIFT_EMIT_LOC_STRINGS = NO;
				SWIFT_VERSION = 5.0;
				TARGETED_DEVICE_FAMILY = "1,2";
				TEST_HOST = "$(BUILT_PRODUCTS_DIR)/MoviesList.app/$(BUNDLE_EXECUTABLE_FOLDER_PATH)/MoviesList";
			};
			name = Debug;
		};
		5E0B254F2B1A2F8F00BD7806 /* Release */ = {
			isa = XCBuildConfiguration;
			buildSettings = {
				ALWAYS_EMBED_SWIFT_STANDARD_LIBRARIES = YES;
				BUNDLE_LOADER = "$(TEST_HOST)";
				CODE_SIGN_STYLE = Automatic;
				CURRENT_PROJECT_VERSION = 1;
				DEVELOPMENT_TEAM = 2WFPXMG3LN;
				GENERATE_INFOPLIST_FILE = YES;
				IPHONEOS_DEPLOYMENT_TARGET = 16.2;
				MARKETING_VERSION = 1.0;
				PRODUCT_BUNDLE_IDENTIFIER = com.KseniaDidusenko.MoviesListTests;
				PRODUCT_NAME = "$(TARGET_NAME)";
				SWIFT_EMIT_LOC_STRINGS = NO;
				SWIFT_VERSION = 5.0;
				TARGETED_DEVICE_FAMILY = "1,2";
				TEST_HOST = "$(BUILT_PRODUCTS_DIR)/MoviesList.app/$(BUNDLE_EXECUTABLE_FOLDER_PATH)/MoviesList";
			};
			name = Release;
		};
		5E0B25512B1A2F8F00BD7806 /* Debug */ = {
			isa = XCBuildConfiguration;
			buildSettings = {
				ALWAYS_EMBED_SWIFT_STANDARD_LIBRARIES = YES;
				CODE_SIGN_STYLE = Automatic;
				CURRENT_PROJECT_VERSION = 1;
				DEVELOPMENT_TEAM = 2WFPXMG3LN;
				GENERATE_INFOPLIST_FILE = YES;
				MARKETING_VERSION = 1.0;
				PRODUCT_BUNDLE_IDENTIFIER = com.KseniaDidusenko.MoviesListUITests;
				PRODUCT_NAME = "$(TARGET_NAME)";
				SWIFT_EMIT_LOC_STRINGS = NO;
				SWIFT_VERSION = 5.0;
				TARGETED_DEVICE_FAMILY = "1,2";
				TEST_TARGET_NAME = MoviesList;
			};
			name = Debug;
		};
		5E0B25522B1A2F8F00BD7806 /* Release */ = {
			isa = XCBuildConfiguration;
			buildSettings = {
				ALWAYS_EMBED_SWIFT_STANDARD_LIBRARIES = YES;
				CODE_SIGN_STYLE = Automatic;
				CURRENT_PROJECT_VERSION = 1;
				DEVELOPMENT_TEAM = 2WFPXMG3LN;
				GENERATE_INFOPLIST_FILE = YES;
				MARKETING_VERSION = 1.0;
				PRODUCT_BUNDLE_IDENTIFIER = com.KseniaDidusenko.MoviesListUITests;
				PRODUCT_NAME = "$(TARGET_NAME)";
				SWIFT_EMIT_LOC_STRINGS = NO;
				SWIFT_VERSION = 5.0;
				TARGETED_DEVICE_FAMILY = "1,2";
				TEST_TARGET_NAME = MoviesList;
			};
			name = Release;
		};
/* End XCBuildConfiguration section */

/* Begin XCConfigurationList section */
		5E0B251B2B1A2F8C00BD7806 /* Build configuration list for PBXProject "MoviesList" */ = {
			isa = XCConfigurationList;
			buildConfigurations = (
				5E0B25482B1A2F8F00BD7806 /* Debug */,
				5E0B25492B1A2F8F00BD7806 /* Release */,
			);
			defaultConfigurationIsVisible = 0;
			defaultConfigurationName = Release;
		};
		5E0B254A2B1A2F8F00BD7806 /* Build configuration list for PBXNativeTarget "MoviesList" */ = {
			isa = XCConfigurationList;
			buildConfigurations = (
				5E0B254B2B1A2F8F00BD7806 /* Debug */,
				5E0B254C2B1A2F8F00BD7806 /* Release */,
			);
			defaultConfigurationIsVisible = 0;
			defaultConfigurationName = Release;
		};
		5E0B254D2B1A2F8F00BD7806 /* Build configuration list for PBXNativeTarget "MoviesListTests" */ = {
			isa = XCConfigurationList;
			buildConfigurations = (
				5E0B254E2B1A2F8F00BD7806 /* Debug */,
				5E0B254F2B1A2F8F00BD7806 /* Release */,
			);
			defaultConfigurationIsVisible = 0;
			defaultConfigurationName = Release;
		};
		5E0B25502B1A2F8F00BD7806 /* Build configuration list for PBXNativeTarget "MoviesListUITests" */ = {
			isa = XCConfigurationList;
			buildConfigurations = (
				5E0B25512B1A2F8F00BD7806 /* Debug */,
				5E0B25522B1A2F8F00BD7806 /* Release */,
			);
			defaultConfigurationIsVisible = 0;
			defaultConfigurationName = Release;
		};
/* End XCConfigurationList section */
	};
	rootObject = 5E0B25182B1A2F8C00BD7806 /* Project object */;
}
